
Microsoft Visual Studio Solution File, Format Version 12.00
# Visual Studio Version 17
VisualStudioVersion = 17.10.35013.160
MinimumVisualStudioVersion = 10.0.40219.1
Project("{FAE04EC0-301F-11D3-BF4B-00C04F79EFBC}") = "CocktailApp", "CocktailApp\CocktailApp.csproj", "{95E8C6B5-5731-435E-8644-59365C66F227}"
EndProject
Project("{FAE04EC0-301F-11D3-BF4B-00C04F79EFBC}") = "CocktailApp.Tests", "CocktailApp.Tests\CocktailApp.Tests.csproj", "{CA9A2649-DE26-454C-A18F-5747D4BD6CFA}"
EndProject
Global
	GlobalSection(SolutionConfigurationPlatforms) = preSolution
		Debug|Any CPU = Debug|Any CPU
		Release|Any CPU = Release|Any CPU
	EndGlobalSection
	GlobalSection(ProjectConfigurationPlatforms) = postSolution
		{95E8C6B5-5731-435E-8644-59365C66F227}.Debug|Any CPU.ActiveCfg = Debug|Any CPU
		{95E8C6B5-5731-435E-8644-59365C66F227}.Debug|Any CPU.Build.0 = Debug|Any CPU
		{95E8C6B5-5731-435E-8644-59365C66F227}.Release|Any CPU.ActiveCfg = Release|Any CPU
		{95E8C6B5-5731-435E-8644-59365C66F227}.Release|Any CPU.Build.0 = Release|Any CPU
		{CA9A2649-DE26-454C-A18F-5747D4BD6CFA}.Debug|Any CPU.ActiveCfg = Debug|Any CPU
		{CA9A2649-DE26-454C-A18F-5747D4BD6CFA}.Debug|Any CPU.Build.0 = Debug|Any CPU
		{CA9A2649-DE26-454C-A18F-5747D4BD6CFA}.Release|Any CPU.ActiveCfg = Release|Any CPU
		{CA9A2649-DE26-454C-A18F-5747D4BD6CFA}.Release|Any CPU.Build.0 = Release|Any CPU
	EndGlobalSection
	GlobalSection(SolutionProperties) = preSolution
		HideSolutionNode = FALSE
	EndGlobalSection
	GlobalSection(ExtensibilityGlobals) = postSolution
		SolutionGuid = {D2E0F86A-8F15-45BF-9A52-F0A446951CD6}
	EndGlobalSection
EndGlobal
